
Microsoft Visual Studio Solution File, Format Version 12.00
# Visual Studio Version 16
VisualStudioVersion = 16.0.31702.278
MinimumVisualStudioVersion = 10.0.40219.1
Project("{8BC9CEB8-8B4A-11D0-8D11-00A0C91BC942}") = "Chesster", "Chesster\Chesster.vcxproj", "{31A6549B-F890-4D80-BE41-09491D451BAE}"
EndProject
Project("{8BC9CEB8-8B4A-11D0-8D11-00A0C91BC942}") = "Chesster-SDL", "Chesster-SDL\Chesster-SDL.vcxproj", "{7DBE45B3-20CE-4B63-BE0E-F10C72B39F70}"
EndProject
Global
	GlobalSection(SolutionConfigurationPlatforms) = preSolution
		Debug|x64 = Debug|x64
		Release|x64 = Release|x64
	EndGlobalSection
	GlobalSection(ProjectConfigurationPlatforms) = postSolution
		{31A6549B-F890-4D80-BE41-09491D451BAE}.Debug|x64.ActiveCfg = Debug|Win32
		{31A6549B-F890-4D80-BE41-09491D451BAE}.Debug|x64.Build.0 = Debug|Win32
		{31A6549B-F890-4D80-BE41-09491D451BAE}.Release|x64.ActiveCfg = Release|Win32
		{31A6549B-F890-4D80-BE41-09491D451BAE}.Release|x64.Build.0 = Release|Win32
		{7DBE45B3-20CE-4B63-BE0E-F10C72B39F70}.Debug|x64.ActiveCfg = Debug|x64
		{7DBE45B3-20CE-4B63-BE0E-F10C72B39F70}.Debug|x64.Build.0 = Debug|x64
		{7DBE45B3-20CE-4B63-BE0E-F10C72B39F70}.Release|x64.ActiveCfg = Release|x64
		{7DBE45B3-20CE-4B63-BE0E-F10C72B39F70}.Release|x64.Build.0 = Release|x64
	EndGlobalSection
	GlobalSection(SolutionProperties) = preSolution
		HideSolutionNode = FALSE
	EndGlobalSection
	GlobalSection(ExtensibilityGlobals) = postSolution
		SolutionGuid = {50BBAFEA-11D6-4C5B-BAE7-40CABDCB6D6F}
	EndGlobalSection
EndGlobal
