<?xml version="1.0" encoding="utf-8"?>
<Project ToolsVersion="4.0" xmlns="http://schemas.microsoft.com/developer/msbuild/2003">
  <ItemGroup>
    <Filter Include="Chesster">
      <UniqueIdentifier>{46C3918A-3290-EC95-5BA9-DA3D47D52124}</UniqueIdentifier>
    </Filter>
    <Filter Include="Chesster\Core">
      <UniqueIdentifier>{5EE3E551-CAA3-6188-93DE-AA05FF5DA664}</UniqueIdentifier>
    </Filter>
    <Filter Include="Chesster\States">
      <UniqueIdentifier>{49329088-B5BD-FD4C-BECE-80412AD9594D}</UniqueIdentifier>
    </Filter>
  </ItemGroup>
  <ItemGroup>
    <ClInclude Include="src\Chesster\Application.h">
      <Filter>Chesster</Filter>
    </ClInclude>
    <ClInclude Include="src\Chesster\Board.h">
      <Filter>Chesster</Filter>
    </ClInclude>
    <ClInclude Include="src\Chesster\ClientTCP.h">
      <Filter>Chesster</Filter>
    </ClInclude>
    <ClInclude Include="src\Chesster\Connector.h">
      <Filter>Chesster</Filter>
    </ClInclude>
    <ClInclude Include="src\Chesster\Core\Log.h">
      <Filter>Chesster\Core</Filter>
    </ClInclude>
    <ClInclude Include="src\Chesster\Core\PlatformDetection.h">
      <Filter>Chesster\Core</Filter>
    </ClInclude>
    <ClInclude Include="src\Chesster\Core\ResourceHolder.h">
      <Filter>Chesster\Core</Filter>
    </ClInclude>
    <ClInclude Include="src\Chesster\Core\Texture.h">
      <Filter>Chesster\Core</Filter>
    </ClInclude>
    <ClInclude Include="src\Chesster\Core\Time.h">
      <Filter>Chesster\Core</Filter>
    </ClInclude>
    <ClInclude Include="src\Chesster\Core\Vector.h">
      <Filter>Chesster\Core</Filter>
    </ClInclude>
    <ClInclude Include="src\Chesster\Core\Window.h">
      <Filter>Chesster\Core</Filter>
    </ClInclude>
    <ClInclude Include="src\Chesster\ImGuiWindows.h">
      <Filter>Chesster</Filter>
    </ClInclude>
    <ClInclude Include="src\Chesster\States\GameOverState.h">
      <Filter>Chesster\States</Filter>
    </ClInclude>
    <ClInclude Include="src\Chesster\States\GameState.h">
      <Filter>Chesster\States</Filter>
    </ClInclude>
    <ClInclude Include="src\Chesster\States\MenuState.h">
      <Filter>Chesster\States</Filter>
    </ClInclude>
    <ClInclude Include="src\Chesster\States\PauseState.h">
      <Filter>Chesster\States</Filter>
    </ClInclude>
    <ClInclude Include="src\Chesster\States\PawnPromotionState.h">
      <Filter>Chesster\States</Filter>
    </ClInclude>
    <ClInclude Include="src\Chesster\States\State.h">
      <Filter>Chesster\States</Filter>
    </ClInclude>
    <ClInclude Include="src\Chesster\States\StateStack.h">
      <Filter>Chesster\States</Filter>
    </ClInclude>
    <ClInclude Include="src\Chesster\States\TitleState.h">
      <Filter>Chesster\States</Filter>
    </ClInclude>
    <ClInclude Include="src\pch.h" />
  </ItemGroup>
  <ItemGroup>
    <ClCompile Include="src\Chesster\Application.cpp">
      <Filter>Chesster</Filter>
    </ClCompile>
    <ClCompile Include="src\Chesster\Board.cpp">
      <Filter>Chesster</Filter>
    </ClCompile>
    <ClCompile Include="src\Chesster\ClientTCP.cpp">
      <Filter>Chesster</Filter>
    </ClCompile>
    <ClCompile Include="src\Chesster\Connector.cpp">
      <Filter>Chesster</Filter>
    </ClCompile>
    <ClCompile Include="src\Chesster\Core\Log.cpp">
      <Filter>Chesster\Core</Filter>
    </ClCompile>
    <ClCompile Include="src\Chesster\Core\Texture.cpp">
      <Filter>Chesster\Core</Filter>
    </ClCompile>
    <ClCompile Include="src\Chesster\Core\Time.cpp">
      <Filter>Chesster\Core</Filter>
    </ClCompile>
    <ClCompile Include="src\Chesster\Core\Window.cpp">
      <Filter>Chesster\Core</Filter>
    </ClCompile>
    <ClCompile Include="src\Chesster\ImGuiBuild.cpp">
      <Filter>Chesster</Filter>
    </ClCompile>
    <ClCompile Include="src\Chesster\Main.cpp">
      <Filter>Chesster</Filter>
    </ClCompile>
    <ClCompile Include="src\Chesster\States\GameOverState.cpp">
      <Filter>Chesster\States</Filter>
    </ClCompile>
    <ClCompile Include="src\Chesster\States\GameState.cpp">
      <Filter>Chesster\States</Filter>
    </ClCompile>
    <ClCompile Include="src\Chesster\States\MenuState.cpp">
      <Filter>Chesster\States</Filter>
    </ClCompile>
    <ClCompile Include="src\Chesster\States\PauseState.cpp">
      <Filter>Chesster\States</Filter>
    </ClCompile>
    <ClCompile Include="src\Chesster\States\PawnPromotionState.cpp">
      <Filter>Chesster\States</Filter>
    </ClCompile>
    <ClCompile Include="src\Chesster\States\State.cpp">
      <Filter>Chesster\States</Filter>
    </ClCompile>
    <ClCompile Include="src\Chesster\States\StateStack.cpp">
      <Filter>Chesster\States</Filter>
    </ClCompile>
    <ClCompile Include="src\Chesster\States\TitleState.cpp">
      <Filter>Chesster\States</Filter>
    </ClCompile>
    <ClCompile Include="src\pch.cpp" />
  </ItemGroup>
</Project>