<?xml version="1.0" encoding="utf-8"?>
<Project ToolsVersion="4.0" xmlns="http://schemas.microsoft.com/developer/msbuild/2003">
  <ItemGroup>
    <Filter Include="src">
      <UniqueIdentifier>{2DAB880B-99B4-887C-2230-9F7C8E38947C}</UniqueIdentifier>
    </Filter>
    <Filter Include="src\Chesster_Unleashed">
      <UniqueIdentifier>{F518E0DD-E112-0930-CA7F-9F40B6186F9C}</UniqueIdentifier>
    </Filter>
    <Filter Include="src\Chesster_Unleashed\Connections">
      <UniqueIdentifier>{27FD1711-1339-1B7B-7C4B-337268A6C395}</UniqueIdentifier>
    </Filter>
    <Filter Include="src\Chesster_Unleashed\Core">
      <UniqueIdentifier>{6D1EA8C4-D92B-D6AA-6212-D295CE1EA261}</UniqueIdentifier>
    </Filter>
    <Filter Include="src\Chesster_Unleashed\Game">
      <UniqueIdentifier>{BE13AAC4-2A21-D8AA-B307-D4951F14A461}</UniqueIdentifier>
    </Filter>
    <Filter Include="src\Chesster_Unleashed\ImGui">
      <UniqueIdentifier>{DFB1165A-CB6C-0606-7424-7F5060BE5096}</UniqueIdentifier>
    </Filter>
    <Filter Include="src\Chesster_Unleashed\ImGui\Panels">
      <UniqueIdentifier>{5131859A-BDEA-EF44-464A-0A1FB202A6B4}</UniqueIdentifier>
    </Filter>
    <Filter Include="src\Chesster_Unleashed\Layers">
      <UniqueIdentifier>{146A2EA3-8082-15CD-492F-A566B506AA66}</UniqueIdentifier>
    </Filter>
    <Filter Include="src\Chesster_Unleashed\Renderer">
      <UniqueIdentifier>{3B4023CC-A723-320C-B026-60481C89F85C}</UniqueIdentifier>
    </Filter>
  </ItemGroup>
  <ItemGroup>
    <ClInclude Include="resource.h" />
    <ClInclude Include="src\Chesster_Unleashed\Connections\Connector.h">
      <Filter>src\Chesster_Unleashed\Connections</Filter>
    </ClInclude>
    <ClInclude Include="src\Chesster_Unleashed\Connections\TCPConnection.h">
      <Filter>src\Chesster_Unleashed\Connections</Filter>
    </ClInclude>
    <ClInclude Include="src\Chesster_Unleashed\Core\Application.h">
      <Filter>src\Chesster_Unleashed\Core</Filter>
    </ClInclude>
    <ClInclude Include="src\Chesster_Unleashed\Core\Clock.h">
      <Filter>src\Chesster_Unleashed\Core</Filter>
    </ClInclude>
    <ClInclude Include="src\Chesster_Unleashed\Core\Core.h">
      <Filter>src\Chesster_Unleashed\Core</Filter>
    </ClInclude>
    <ClInclude Include="src\Chesster_Unleashed\Core\Layer.h">
      <Filter>src\Chesster_Unleashed\Core</Filter>
    </ClInclude>
    <ClInclude Include="src\Chesster_Unleashed\Core\LayerStack.h">
      <Filter>src\Chesster_Unleashed\Core</Filter>
    </ClInclude>
    <ClInclude Include="src\Chesster_Unleashed\Core\Logger.h">
      <Filter>src\Chesster_Unleashed\Core</Filter>
    </ClInclude>
    <ClInclude Include="src\Chesster_Unleashed\Core\PlatformDetection.h">
      <Filter>src\Chesster_Unleashed\Core</Filter>
    </ClInclude>
    <ClInclude Include="src\Chesster_Unleashed\Core\ResourceHolder.h">
      <Filter>src\Chesster_Unleashed\Core</Filter>
    </ClInclude>
    <ClInclude Include="src\Chesster_Unleashed\Core\Window.h">
      <Filter>src\Chesster_Unleashed\Core</Filter>
    </ClInclude>
    <ClInclude Include="src\Chesster_Unleashed\Game\Board.h">
      <Filter>src\Chesster_Unleashed\Game</Filter>
    </ClInclude>
    <ClInclude Include="src\Chesster_Unleashed\Game\Piece.h">
      <Filter>src\Chesster_Unleashed\Game</Filter>
    </ClInclude>
    <ClInclude Include="src\Chesster_Unleashed\ImGui\ImGuiLayer.h">
      <Filter>src\Chesster_Unleashed\ImGui</Filter>
    </ClInclude>
    <ClInclude Include="src\Chesster_Unleashed\ImGui\Panels\ConsolePanel.h">
      <Filter>src\Chesster_Unleashed\ImGui\Panels</Filter>
    </ClInclude>
    <ClInclude Include="src\Chesster_Unleashed\ImGui\Panels\SettingsPanel.h">
      <Filter>src\Chesster_Unleashed\ImGui\Panels</Filter>
    </ClInclude>
    <ClInclude Include="src\Chesster_Unleashed\Layers\GameLayer.h">
      <Filter>src\Chesster_Unleashed\Layers</Filter>
    </ClInclude>
    <ClInclude Include="src\Chesster_Unleashed\Layers\TitleLayer.h">
      <Filter>src\Chesster_Unleashed\Layers</Filter>
    </ClInclude>
    <ClInclude Include="src\Chesster_Unleashed\Renderer\Context.h">
      <Filter>src\Chesster_Unleashed\Renderer</Filter>
    </ClInclude>
    <ClInclude Include="src\Chesster_Unleashed\Renderer\Framebuffer.h">
      <Filter>src\Chesster_Unleashed\Renderer</Filter>
    </ClInclude>
    <ClInclude Include="src\Chesster_Unleashed\Renderer\RenderCommand.h">
      <Filter>src\Chesster_Unleashed\Renderer</Filter>
    </ClInclude>
    <ClInclude Include="src\Chesster_Unleashed\Renderer\Renderer.h">
      <Filter>src\Chesster_Unleashed\Renderer</Filter>
    </ClInclude>
    <ClInclude Include="src\Chesster_Unleashed\Renderer\Texture.h">
      <Filter>src\Chesster_Unleashed\Renderer</Filter>
    </ClInclude>
    <ClInclude Include="src\pch.h">
      <Filter>src</Filter>
    </ClInclude>
  </ItemGroup>
  <ItemGroup>
    <ClCompile Include="src\Chesster_Unleashed\Connections\Connector.cpp">
      <Filter>src\Chesster_Unleashed\Connections</Filter>
    </ClCompile>
    <ClCompile Include="src\Chesster_Unleashed\Connections\TCPConnection.cpp">
      <Filter>src\Chesster_Unleashed\Connections</Filter>
    </ClCompile>
    <ClCompile Include="src\Chesster_Unleashed\Core\Application.cpp">
      <Filter>src\Chesster_Unleashed\Core</Filter>
    </ClCompile>
    <ClCompile Include="src\Chesster_Unleashed\Core\Layer.cpp">
      <Filter>src\Chesster_Unleashed\Core</Filter>
    </ClCompile>
    <ClCompile Include="src\Chesster_Unleashed\Core\LayerStack.cpp">
      <Filter>src\Chesster_Unleashed\Core</Filter>
    </ClCompile>
    <ClCompile Include="src\Chesster_Unleashed\Core\Logger.cpp">
      <Filter>src\Chesster_Unleashed\Core</Filter>
    </ClCompile>
    <ClCompile Include="src\Chesster_Unleashed\Core\Window.cpp">
      <Filter>src\Chesster_Unleashed\Core</Filter>
    </ClCompile>
    <ClCompile Include="src\Chesster_Unleashed\Game\Board.cpp">
      <Filter>src\Chesster_Unleashed\Game</Filter>
    </ClCompile>
    <ClCompile Include="src\Chesster_Unleashed\Game\Piece.cpp">
      <Filter>src\Chesster_Unleashed\Game</Filter>
    </ClCompile>
    <ClCompile Include="src\Chesster_Unleashed\ImGui\ImGuiBuild.cpp">
      <Filter>src\Chesster_Unleashed\ImGui</Filter>
    </ClCompile>
    <ClCompile Include="src\Chesster_Unleashed\ImGui\ImGuiLayer.cpp">
      <Filter>src\Chesster_Unleashed\ImGui</Filter>
    </ClCompile>
    <ClCompile Include="src\Chesster_Unleashed\ImGui\Panels\ConsolePanel.cpp">
      <Filter>src\Chesster_Unleashed\ImGui\Panels</Filter>
    </ClCompile>
    <ClCompile Include="src\Chesster_Unleashed\ImGui\Panels\SettingsPanel.cpp">
      <Filter>src\Chesster_Unleashed\ImGui\Panels</Filter>
    </ClCompile>
    <ClCompile Include="src\Chesster_Unleashed\Layers\GameLayer.cpp">
      <Filter>src\Chesster_Unleashed\Layers</Filter>
    </ClCompile>
    <ClCompile Include="src\Chesster_Unleashed\Layers\TitleLayer.cpp">
      <Filter>src\Chesster_Unleashed\Layers</Filter>
    </ClCompile>
    <ClCompile Include="src\Chesster_Unleashed\Main.cpp">
      <Filter>src\Chesster_Unleashed</Filter>
    </ClCompile>
    <ClCompile Include="src\Chesster_Unleashed\Renderer\Context.cpp">
      <Filter>src\Chesster_Unleashed\Renderer</Filter>
    </ClCompile>
    <ClCompile Include="src\Chesster_Unleashed\Renderer\Framebuffer.cpp">
      <Filter>src\Chesster_Unleashed\Renderer</Filter>
    </ClCompile>
    <ClCompile Include="src\Chesster_Unleashed\Renderer\Renderer.cpp">
      <Filter>src\Chesster_Unleashed\Renderer</Filter>
    </ClCompile>
    <ClCompile Include="src\Chesster_Unleashed\Renderer\Texture.cpp">
      <Filter>src\Chesster_Unleashed\Renderer</Filter>
    </ClCompile>
    <ClCompile Include="src\pch.cpp">
      <Filter>src</Filter>
    </ClCompile>
  </ItemGroup>
  <ItemGroup>
    <None Include="Chesster-Unleashed.aps" />
  </ItemGroup>
  <ItemGroup>
    <ResourceCompile Include="Chesster-Unleashed.rc" />
  </ItemGroup>
</Project>